github.com/blevesearch/bleve v0.8.1 h1:20zBREtGe8dvBxCC+717SaxKcUVQOWk3/Fm75vabKpU=
github.com/blevesearch/bleve v0.8.1/go.mod h1:Y2lmIkzV6mcNfAnAdOd+ZxHkHchhBfU/xroGIp61wfw=
github.com/blevesearch/go-porterstemmer v1.0.2 h1:qe7n69gBd1OLY5sHKnxQHIbzn0LNJA4hpAf+5XDxV2I=
github.com/blevesearch/go-porterstemmer v1.0.2/go.mod h1:haWQqFT3RdOGz7PJuM3or/pWNJS1pKkoZJWCkWu0DVA=
github.com/blevesearch/segment v0.0.0-20160915185041-762005e7a34f h1:kqbi9lqXLLs+zfWlgo1PIiRQ86n33K1JKotjj4rSYOg=
github.com/blevesearch/segment v0.0.0-20160915185041-762005e7a34f/go.mod h1:IInt5XRvpiGE09KOk9mmCMLjHhydIhNPKPPFLFBB7L8=
